// !$*UTF8*$!
{
	archiveVersion = 1;
	classes = {
	};
	objectVersion = 51;
	objects = {

/* Begin PBXBuildFile section */
		940A79AC2164BE1E00C049CD /* AREnvironmentService.swift in Sources */ = {isa = PBXBuildFile; fileRef = 940A79AB2164BE1E00C049CD /* AREnvironmentService.swift */; };
		940A79AE2164D29500C049CD /* BuildingStepService.swift in Sources */ = {isa = PBXBuildFile; fileRef = 940A79AD2164D29500C049CD /* BuildingStepService.swift */; };
		94125C0721733CBA004D1A7E /* PartSelectorScene.swift in Sources */ = {isa = PBXBuildFile; fileRef = 94125C0621733CBA004D1A7E /* PartSelectorScene.swift */; };
		94125C09217341E5004D1A7E /* GeometryNode.swift in Sources */ = {isa = PBXBuildFile; fileRef = 94125C08217341E5004D1A7E /* GeometryNode.swift */; };
		94125C0B21734869004D1A7E /* UIColor+Extensions.swift in Sources */ = {isa = PBXBuildFile; fileRef = 94125C0A21734869004D1A7E /* UIColor+Extensions.swift */; };
		94125C0D21734BF3004D1A7E /* CGSize+Extensions.swift in Sources */ = {isa = PBXBuildFile; fileRef = 94125C0C21734BF3004D1A7E /* CGSize+Extensions.swift */; };
		94125C0F21737017004D1A7E /* ObjectPreviewViewController.swift in Sources */ = {isa = PBXBuildFile; fileRef = 94125C0E21737017004D1A7E /* ObjectPreviewViewController.swift */; };
		9427E45521733083001291AD /* SwiftySkScrollView.swift in Sources */ = {isa = PBXBuildFile; fileRef = 9427E45421733083001291AD /* SwiftySkScrollView.swift */; };
		942D1921217488840066795B /* cube.png in Resources */ = {isa = PBXBuildFile; fileRef = 942D191E217488840066795B /* cube.png */; };
		942D1922217488840066795B /* cube.obj in Resources */ = {isa = PBXBuildFile; fileRef = 942D191F217488840066795B /* cube.obj */; };
		942D1923217488840066795B /* cube.mtl in Resources */ = {isa = PBXBuildFile; fileRef = 942D1920217488840066795B /* cube.mtl */; };
		943C5057215E730D002A3773 /* AppDelegate.swift in Sources */ = {isa = PBXBuildFile; fileRef = 943C5056215E730D002A3773 /* AppDelegate.swift */; };
		943C5059215E730D002A3773 /* art.scnassets in Resources */ = {isa = PBXBuildFile; fileRef = 943C5058215E730D002A3773 /* art.scnassets */; };
		943C505B215E730D002A3773 /* StepAssemblyViewController.swift in Sources */ = {isa = PBXBuildFile; fileRef = 943C505A215E730D002A3773 /* StepAssemblyViewController.swift */; };
		943C505E215E730D002A3773 /* Main.storyboard in Resources */ = {isa = PBXBuildFile; fileRef = 943C505C215E730D002A3773 /* Main.storyboard */; };
		943C5060215E730E002A3773 /* Assets.xcassets in Resources */ = {isa = PBXBuildFile; fileRef = 943C505F215E730E002A3773 /* Assets.xcassets */; };
		943C5063215E730E002A3773 /* LaunchScreen.storyboard in Resources */ = {isa = PBXBuildFile; fileRef = 943C5061215E730E002A3773 /* LaunchScreen.storyboard */; };
		9478C17B217491BD00F05576 /* torus.obj in Resources */ = {isa = PBXBuildFile; fileRef = 9478C179217491BD00F05576 /* torus.obj */; };
		9478C17C217491BD00F05576 /* torus.mtl in Resources */ = {isa = PBXBuildFile; fileRef = 9478C17A217491BD00F05576 /* torus.mtl */; };
		9478C17E2174985100F05576 /* statue.png in Resources */ = {isa = PBXBuildFile; fileRef = 9478C17D2174985100F05576 /* statue.png */; };
		9478C1802174994100F05576 /* torus.png in Resources */ = {isa = PBXBuildFile; fileRef = 9478C17F2174994100F05576 /* torus.png */; };
		9478C1822174BEB500F05576 /* SCNNode+Extensions.swift in Sources */ = {isa = PBXBuildFile; fileRef = 9478C1812174BEB500F05576 /* SCNNode+Extensions.swift */; };
		9478C1842174CA3900F05576 /* SCNScene+Extensions.swift in Sources */ = {isa = PBXBuildFile; fileRef = 9478C1832174CA3900F05576 /* SCNScene+Extensions.swift */; };
		9480652B21663C8C00DB1E76 /* statue_s.dds in Resources */ = {isa = PBXBuildFile; fileRef = 9480652621663C8C00DB1E76 /* statue_s.dds */; };
		9480652C21663C8C00DB1E76 /* statue_d.dds in Resources */ = {isa = PBXBuildFile; fileRef = 9480652721663C8C00DB1E76 /* statue_d.dds */; };
		9480652D21663C8C00DB1E76 /* statue.mtl in Resources */ = {isa = PBXBuildFile; fileRef = 9480652821663C8C00DB1E76 /* statue.mtl */; };
		9480652E21663C8C00DB1E76 /* statue_n.dds in Resources */ = {isa = PBXBuildFile; fileRef = 9480652921663C8C00DB1E76 /* statue_n.dds */; };
		9480652F21663C8C00DB1E76 /* statue.obj in Resources */ = {isa = PBXBuildFile; fileRef = 9480652A21663C8C00DB1E76 /* statue.obj */; };
		948199DA216633AC008D6D2E /* MDLMaterial+Extensions.swift in Sources */ = {isa = PBXBuildFile; fileRef = 948199D9216633AC008D6D2E /* MDLMaterial+Extensions.swift */; };
		94B5BE62217A02A200E98F19 /* BaseObjectScanViewController.swift in Sources */ = {isa = PBXBuildFile; fileRef = 94B5BE61217A02A200E98F19 /* BaseObjectScanViewController.swift */; };
		94B5BE64217A02E800E98F19 /* StepSelectionViewController.swift in Sources */ = {isa = PBXBuildFile; fileRef = 94B5BE63217A02E800E98F19 /* StepSelectionViewController.swift */; };
		94B5BE66217B105200E98F19 /* PartsScanViewController.swift in Sources */ = {isa = PBXBuildFile; fileRef = 94B5BE65217B105200E98F19 /* PartsScanViewController.swift */; };
		94DC82752166302500BC3CA6 /* SCNVector3+Extensions.swift in Sources */ = {isa = PBXBuildFile; fileRef = 94DC82742166302500BC3CA6 /* SCNVector3+Extensions.swift */; };
		94EB80B8217F25D10055120F /* baseObject-300.png in Resources */ = {isa = PBXBuildFile; fileRef = 94EB80B4217F25D10055120F /* baseObject-300.png */; };
		94EB80B9217F25D10055120F /* wing-300.png in Resources */ = {isa = PBXBuildFile; fileRef = 94EB80B5217F25D10055120F /* wing-300.png */; };
		94EB80BA217F25D10055120F /* tail-300.png in Resources */ = {isa = PBXBuildFile; fileRef = 94EB80B6217F25D10055120F /* tail-300.png */; };
/* End PBXBuildFile section */

/* Begin PBXFileReference section */
		940A79AB2164BE1E00C049CD /* AREnvironmentService.swift */ = {isa = PBXFileReference; lastKnownFileType = sourcecode.swift; path = AREnvironmentService.swift; sourceTree = "<group>"; };
		940A79AD2164D29500C049CD /* BuildingStepService.swift */ = {isa = PBXFileReference; lastKnownFileType = sourcecode.swift; path = BuildingStepService.swift; sourceTree = "<group>"; };
		94125C0621733CBA004D1A7E /* PartSelectorScene.swift */ = {isa = PBXFileReference; lastKnownFileType = sourcecode.swift; path = PartSelectorScene.swift; sourceTree = "<group>"; };
		94125C08217341E5004D1A7E /* GeometryNode.swift */ = {isa = PBXFileReference; lastKnownFileType = sourcecode.swift; path = GeometryNode.swift; sourceTree = "<group>"; };
		94125C0A21734869004D1A7E /* UIColor+Extensions.swift */ = {isa = PBXFileReference; lastKnownFileType = sourcecode.swift; path = "UIColor+Extensions.swift"; sourceTree = "<group>"; };
		94125C0C21734BF3004D1A7E /* CGSize+Extensions.swift */ = {isa = PBXFileReference; lastKnownFileType = sourcecode.swift; path = "CGSize+Extensions.swift"; sourceTree = "<group>"; };
		94125C0E21737017004D1A7E /* ObjectPreviewViewController.swift */ = {isa = PBXFileReference; lastKnownFileType = sourcecode.swift; path = ObjectPreviewViewController.swift; sourceTree = "<group>"; };
		9427E45421733083001291AD /* SwiftySkScrollView.swift */ = {isa = PBXFileReference; lastKnownFileType = sourcecode.swift; path = SwiftySkScrollView.swift; sourceTree = "<group>"; };
		942D191E217488840066795B /* cube.png */ = {isa = PBXFileReference; lastKnownFileType = image.png; path = cube.png; sourceTree = "<group>"; };
		942D191F217488840066795B /* cube.obj */ = {isa = PBXFileReference; fileEncoding = 4; lastKnownFileType = text; path = cube.obj; sourceTree = "<group>"; };
		942D1920217488840066795B /* cube.mtl */ = {isa = PBXFileReference; fileEncoding = 4; lastKnownFileType = text; path = cube.mtl; sourceTree = "<group>"; };
		943C5053215E730D002A3773 /* ARLegoDemo.app */ = {isa = PBXFileReference; explicitFileType = wrapper.application; includeInIndex = 0; path = ARLegoDemo.app; sourceTree = BUILT_PRODUCTS_DIR; };
		943C5056215E730D002A3773 /* AppDelegate.swift */ = {isa = PBXFileReference; lastKnownFileType = sourcecode.swift; path = AppDelegate.swift; sourceTree = "<group>"; };
		943C5058215E730D002A3773 /* art.scnassets */ = {isa = PBXFileReference; lastKnownFileType = wrapper.scnassets; path = art.scnassets; sourceTree = "<group>"; };
		943C505A215E730D002A3773 /* StepAssemblyViewController.swift */ = {isa = PBXFileReference; lastKnownFileType = sourcecode.swift; path = StepAssemblyViewController.swift; sourceTree = "<group>"; };
		943C505D215E730D002A3773 /* Base */ = {isa = PBXFileReference; lastKnownFileType = file.storyboard; name = Base; path = Base.lproj/Main.storyboard; sourceTree = "<group>"; };
		943C505F215E730E002A3773 /* Assets.xcassets */ = {isa = PBXFileReference; lastKnownFileType = folder.assetcatalog; path = Assets.xcassets; sourceTree = "<group>"; };
		943C5062215E730E002A3773 /* Base */ = {isa = PBXFileReference; lastKnownFileType = file.storyboard; name = Base; path = Base.lproj/LaunchScreen.storyboard; sourceTree = "<group>"; };
		943C5064215E730E002A3773 /* Info.plist */ = {isa = PBXFileReference; lastKnownFileType = text.plist.xml; path = Info.plist; sourceTree = "<group>"; };
		9478C179217491BD00F05576 /* torus.obj */ = {isa = PBXFileReference; fileEncoding = 4; lastKnownFileType = text; path = torus.obj; sourceTree = "<group>"; };
		9478C17A217491BD00F05576 /* torus.mtl */ = {isa = PBXFileReference; fileEncoding = 4; lastKnownFileType = text; path = torus.mtl; sourceTree = "<group>"; };
		9478C17D2174985100F05576 /* statue.png */ = {isa = PBXFileReference; lastKnownFileType = image.png; path = statue.png; sourceTree = "<group>"; };
		9478C17F2174994100F05576 /* torus.png */ = {isa = PBXFileReference; lastKnownFileType = image.png; path = torus.png; sourceTree = "<group>"; };
		9478C1812174BEB500F05576 /* SCNNode+Extensions.swift */ = {isa = PBXFileReference; lastKnownFileType = sourcecode.swift; path = "SCNNode+Extensions.swift"; sourceTree = "<group>"; };
		9478C1832174CA3900F05576 /* SCNScene+Extensions.swift */ = {isa = PBXFileReference; lastKnownFileType = sourcecode.swift; path = "SCNScene+Extensions.swift"; sourceTree = "<group>"; };
		9480652621663C8C00DB1E76 /* statue_s.dds */ = {isa = PBXFileReference; lastKnownFileType = file; path = statue_s.dds; sourceTree = "<group>"; };
		9480652721663C8C00DB1E76 /* statue_d.dds */ = {isa = PBXFileReference; lastKnownFileType = file; path = statue_d.dds; sourceTree = "<group>"; };
		9480652821663C8C00DB1E76 /* statue.mtl */ = {isa = PBXFileReference; fileEncoding = 4; lastKnownFileType = text; path = statue.mtl; sourceTree = "<group>"; };
		9480652921663C8C00DB1E76 /* statue_n.dds */ = {isa = PBXFileReference; lastKnownFileType = file; path = statue_n.dds; sourceTree = "<group>"; };
		9480652A21663C8C00DB1E76 /* statue.obj */ = {isa = PBXFileReference; fileEncoding = 4; lastKnownFileType = text; path = statue.obj; sourceTree = "<group>"; };
		948199D9216633AC008D6D2E /* MDLMaterial+Extensions.swift */ = {isa = PBXFileReference; lastKnownFileType = sourcecode.swift; path = "MDLMaterial+Extensions.swift"; sourceTree = "<group>"; };
		94B5BE61217A02A200E98F19 /* BaseObjectScanViewController.swift */ = {isa = PBXFileReference; lastKnownFileType = sourcecode.swift; path = BaseObjectScanViewController.swift; sourceTree = "<group>"; };
		94B5BE63217A02E800E98F19 /* StepSelectionViewController.swift */ = {isa = PBXFileReference; lastKnownFileType = sourcecode.swift; path = StepSelectionViewController.swift; sourceTree = "<group>"; };
		94B5BE65217B105200E98F19 /* PartsScanViewController.swift */ = {isa = PBXFileReference; lastKnownFileType = sourcecode.swift; path = PartsScanViewController.swift; sourceTree = "<group>"; };
		94DC82742166302500BC3CA6 /* SCNVector3+Extensions.swift */ = {isa = PBXFileReference; lastKnownFileType = sourcecode.swift; path = "SCNVector3+Extensions.swift"; sourceTree = "<group>"; };
		94EB80B4217F25D10055120F /* baseObject-300.png */ = {isa = PBXFileReference; lastKnownFileType = image.png; path = "baseObject-300.png"; sourceTree = "<group>"; };
		94EB80B5217F25D10055120F /* wing-300.png */ = {isa = PBXFileReference; lastKnownFileType = image.png; path = "wing-300.png"; sourceTree = "<group>"; };
		94EB80B6217F25D10055120F /* tail-300.png */ = {isa = PBXFileReference; lastKnownFileType = image.png; path = "tail-300.png"; sourceTree = "<group>"; };
/* End PBXFileReference section */

/* Begin PBXFrameworksBuildPhase section */
		943C5050215E730D002A3773 /* Frameworks */ = {
			isa = PBXFrameworksBuildPhase;
			buildActionMask = 2147483647;
			files = (
			);
			runOnlyForDeploymentPostprocessing = 0;
		};
/* End PBXFrameworksBuildPhase section */

/* Begin PBXGroup section */
		940A79AA2164BDF100C049CD /* Services */ = {
			isa = PBXGroup;
			children = (
				940A79AB2164BE1E00C049CD /* AREnvironmentService.swift */,
				940A79AD2164D29500C049CD /* BuildingStepService.swift */,
			);
			path = Services;
			sourceTree = "<group>";
		};
		9427E45321733071001291AD /* External */ = {
			isa = PBXGroup;
			children = (
				9427E45421733083001291AD /* SwiftySkScrollView.swift */,
			);
			path = External;
			sourceTree = "<group>";
		};
		942D191D217488840066795B /* Cube */ = {
			isa = PBXGroup;
			children = (
				942D191E217488840066795B /* cube.png */,
				942D191F217488840066795B /* cube.obj */,
				942D1920217488840066795B /* cube.mtl */,
			);
			path = Cube;
			sourceTree = "<group>";
		};
		9433B5562162755900B69526 /* Source */ = {
			isa = PBXGroup;
			children = (
				9427E45321733071001291AD /* External */,
				94DC82732166301000BC3CA6 /* Extensions */,
				94FF995621760AC30054085A /* Nodes */,
				94FF995821760AE60054085A /* Scenes */,
				940A79AA2164BDF100C049CD /* Services */,
				94FF995721760AD40054085A /* ViewControllers */,
				943C5056215E730D002A3773 /* AppDelegate.swift */,
			);
			path = Source;
			sourceTree = "<group>";
		};
		9433B5572162756000B69526 /* Resources */ = {
			isa = PBXGroup;
			children = (
				9480652421663C8C00DB1E76 /* Objects */,
				943C5058215E730D002A3773 /* art.scnassets */,
				943C505C215E730D002A3773 /* Main.storyboard */,
				943C505F215E730E002A3773 /* Assets.xcassets */,
				943C5061215E730E002A3773 /* LaunchScreen.storyboard */,
				943C5064215E730E002A3773 /* Info.plist */,
			);
			path = Resources;
			sourceTree = "<group>";
		};
		943C504A215E730D002A3773 = {
			isa = PBXGroup;
			children = (
				943C5055215E730D002A3773 /* ARLegoDemo */,
				943C5054215E730D002A3773 /* Products */,
			);
			sourceTree = "<group>";
		};
		943C5054215E730D002A3773 /* Products */ = {
			isa = PBXGroup;
			children = (
				943C5053215E730D002A3773 /* ARLegoDemo.app */,
			);
			name = Products;
			sourceTree = "<group>";
		};
		943C5055215E730D002A3773 /* ARLegoDemo */ = {
			isa = PBXGroup;
			children = (
				9433B5572162756000B69526 /* Resources */,
				9433B5562162755900B69526 /* Source */,
			);
			path = ARLegoDemo;
			sourceTree = "<group>";
		};
		9478C178217491BD00F05576 /* Torus */ = {
			isa = PBXGroup;
			children = (
				9478C17F2174994100F05576 /* torus.png */,
				9478C179217491BD00F05576 /* torus.obj */,
				9478C17A217491BD00F05576 /* torus.mtl */,
			);
			path = Torus;
			sourceTree = "<group>";
		};
		9480652421663C8C00DB1E76 /* Objects */ = {
			isa = PBXGroup;
			children = (
				94EB80AB217F25800055120F /* BatmanFinalStep */,
				942D191D217488840066795B /* Cube */,
				9480652521663C8C00DB1E76 /* Statue */,
				9478C178217491BD00F05576 /* Torus */,
			);
			path = Objects;
			sourceTree = "<group>";
		};
		9480652521663C8C00DB1E76 /* Statue */ = {
			isa = PBXGroup;
			children = (
				9478C17D2174985100F05576 /* statue.png */,
				9480652621663C8C00DB1E76 /* statue_s.dds */,
				9480652721663C8C00DB1E76 /* statue_d.dds */,
				9480652821663C8C00DB1E76 /* statue.mtl */,
				9480652921663C8C00DB1E76 /* statue_n.dds */,
				9480652A21663C8C00DB1E76 /* statue.obj */,
			);
			path = Statue;
			sourceTree = "<group>";
		};
		94DC82732166301000BC3CA6 /* Extensions */ = {
			isa = PBXGroup;
			children = (
				94DC82742166302500BC3CA6 /* SCNVector3+Extensions.swift */,
				9478C1812174BEB500F05576 /* SCNNode+Extensions.swift */,
				9478C1832174CA3900F05576 /* SCNScene+Extensions.swift */,
				948199D9216633AC008D6D2E /* MDLMaterial+Extensions.swift */,
				94125C0A21734869004D1A7E /* UIColor+Extensions.swift */,
				94125C0C21734BF3004D1A7E /* CGSize+Extensions.swift */,
			);
			path = Extensions;
			sourceTree = "<group>";
		};
		94EB80AB217F25800055120F /* BatmanFinalStep */ = {
			isa = PBXGroup;
			children = (
				94EB80B4217F25D10055120F /* baseObject-300.png */,
				94EB80B6217F25D10055120F /* tail-300.png */,
				94EB80B5217F25D10055120F /* wing-300.png */,
			);
			path = BatmanFinalStep;
			sourceTree = "<group>";
		};
		94FF995621760AC30054085A /* Nodes */ = {
			isa = PBXGroup;
			children = (
				94125C08217341E5004D1A7E /* GeometryNode.swift */,
			);
			path = Nodes;
			sourceTree = "<group>";
		};
		94FF995721760AD40054085A /* ViewControllers */ = {
			isa = PBXGroup;
			children = (
				943C505A215E730D002A3773 /* StepAssemblyViewController.swift */,
				94B5BE63217A02E800E98F19 /* StepSelectionViewController.swift */,
				94125C0E21737017004D1A7E /* ObjectPreviewViewController.swift */,
				94B5BE61217A02A200E98F19 /* BaseObjectScanViewController.swift */,
				94B5BE65217B105200E98F19 /* PartsScanViewController.swift */,
			);
			path = ViewControllers;
			sourceTree = "<group>";
		};
		94FF995821760AE60054085A /* Scenes */ = {
			isa = PBXGroup;
			children = (
				94125C0621733CBA004D1A7E /* PartSelectorScene.swift */,
			);
			path = Scenes;
			sourceTree = "<group>";
		};
/* End PBXGroup section */

/* Begin PBXNativeTarget section */
		943C5052215E730D002A3773 /* ARLegoDemo */ = {
			isa = PBXNativeTarget;
			buildConfigurationList = 943C5067215E730E002A3773 /* Build configuration list for PBXNativeTarget "ARLegoDemo" */;
			buildPhases = (
				943C504F215E730D002A3773 /* Sources */,
				943C5050215E730D002A3773 /* Frameworks */,
				943C5051215E730D002A3773 /* Resources */,
			);
			buildRules = (
			);
			dependencies = (
			);
			name = ARLegoDemo;
			productName = ARLegoDemo;
			productReference = 943C5053215E730D002A3773 /* ARLegoDemo.app */;
			productType = "com.apple.product-type.application";
		};
/* End PBXNativeTarget section */

/* Begin PBXProject section */
		943C504B215E730D002A3773 /* Project object */ = {
			isa = PBXProject;
			attributes = {
				LastSwiftUpdateCheck = 1000;
				LastUpgradeCheck = 1000;
				ORGANIZATIONNAME = Nascentcorp.io;
				TargetAttributes = {
					943C5052215E730D002A3773 = {
						CreatedOnToolsVersion = 10.0;
					};
				};
			};
			buildConfigurationList = 943C504E215E730D002A3773 /* Build configuration list for PBXProject "ARLegoDemo" */;
			compatibilityVersion = "Xcode 10.0";
			developmentRegion = en;
			hasScannedForEncodings = 0;
			knownRegions = (
				en,
				Base,
			);
			mainGroup = 943C504A215E730D002A3773;
			productRefGroup = 943C5054215E730D002A3773 /* Products */;
			projectDirPath = "";
			projectRoot = "";
			targets = (
				943C5052215E730D002A3773 /* ARLegoDemo */,
			);
		};
/* End PBXProject section */

/* Begin PBXResourcesBuildPhase section */
		943C5051215E730D002A3773 /* Resources */ = {
			isa = PBXResourcesBuildPhase;
			buildActionMask = 2147483647;
			files = (
				9480652E21663C8C00DB1E76 /* statue_n.dds in Resources */,
				9478C17C217491BD00F05576 /* torus.mtl in Resources */,
				9480652D21663C8C00DB1E76 /* statue.mtl in Resources */,
				9480652F21663C8C00DB1E76 /* statue.obj in Resources */,
				9478C17E2174985100F05576 /* statue.png in Resources */,
				943C5059215E730D002A3773 /* art.scnassets in Resources */,
				94EB80B9217F25D10055120F /* wing-300.png in Resources */,
				943C5063215E730E002A3773 /* LaunchScreen.storyboard in Resources */,
				942D1922217488840066795B /* cube.obj in Resources */,
				942D1923217488840066795B /* cube.mtl in Resources */,
				9478C1802174994100F05576 /* torus.png in Resources */,
				9480652C21663C8C00DB1E76 /* statue_d.dds in Resources */,
				9478C17B217491BD00F05576 /* torus.obj in Resources */,
				942D1921217488840066795B /* cube.png in Resources */,
				943C5060215E730E002A3773 /* Assets.xcassets in Resources */,
				94EB80B8217F25D10055120F /* baseObject-300.png in Resources */,
				9480652B21663C8C00DB1E76 /* statue_s.dds in Resources */,
				94EB80BA217F25D10055120F /* tail-300.png in Resources */,
				943C505E215E730D002A3773 /* Main.storyboard in Resources */,
			);
			runOnlyForDeploymentPostprocessing = 0;
		};
/* End PBXResourcesBuildPhase section */

/* Begin PBXSourcesBuildPhase section */
		943C504F215E730D002A3773 /* Sources */ = {
			isa = PBXSourcesBuildPhase;
			buildActionMask = 2147483647;
			files = (
				94125C0721733CBA004D1A7E /* PartSelectorScene.swift in Sources */,
				94125C0B21734869004D1A7E /* UIColor+Extensions.swift in Sources */,
				94125C09217341E5004D1A7E /* GeometryNode.swift in Sources */,
				943C505B215E730D002A3773 /* StepAssemblyViewController.swift in Sources */,
				94125C0F21737017004D1A7E /* ObjectPreviewViewController.swift in Sources */,
				94125C0D21734BF3004D1A7E /* CGSize+Extensions.swift in Sources */,
				94B5BE62217A02A200E98F19 /* BaseObjectScanViewController.swift in Sources */,
				94B5BE64217A02E800E98F19 /* StepSelectionViewController.swift in Sources */,
				940A79AC2164BE1E00C049CD /* AREnvironmentService.swift in Sources */,
				9478C1842174CA3900F05576 /* SCNScene+Extensions.swift in Sources */,
				943C5057215E730D002A3773 /* AppDelegate.swift in Sources */,
				94B5BE66217B105200E98F19 /* PartsScanViewController.swift in Sources */,
				940A79AE2164D29500C049CD /* BuildingStepService.swift in Sources */,
				948199DA216633AC008D6D2E /* MDLMaterial+Extensions.swift in Sources */,
				9478C1822174BEB500F05576 /* SCNNode+Extensions.swift in Sources */,
				94DC82752166302500BC3CA6 /* SCNVector3+Extensions.swift in Sources */,
				9427E45521733083001291AD /* SwiftySkScrollView.swift in Sources */,
			);
			runOnlyForDeploymentPostprocessing = 0;
		};
/* End PBXSourcesBuildPhase section */

/* Begin PBXVariantGroup section */
		943C505C215E730D002A3773 /* Main.storyboard */ = {
			isa = PBXVariantGroup;
			children = (
				943C505D215E730D002A3773 /* Base */,
			);
			name = Main.storyboard;
			sourceTree = "<group>";
		};
		943C5061215E730E002A3773 /* LaunchScreen.storyboard */ = {
			isa = PBXVariantGroup;
			children = (
				943C5062215E730E002A3773 /* Base */,
			);
			name = LaunchScreen.storyboard;
			sourceTree = "<group>";
		};
/* End PBXVariantGroup section */

/* Begin XCBuildConfiguration section */
		943C5065215E730E002A3773 /* Debug */ = {
			isa = XCBuildConfiguration;
			buildSettings = {
				ALWAYS_SEARCH_USER_PATHS = NO;
				CLANG_ANALYZER_NONNULL = YES;
				CLANG_ANALYZER_NUMBER_OBJECT_CONVERSION = YES_AGGRESSIVE;
				CLANG_CXX_LANGUAGE_STANDARD = "gnu++14";
				CLANG_CXX_LIBRARY = "libc++";
				CLANG_ENABLE_MODULES = YES;
				CLANG_ENABLE_OBJC_ARC = YES;
				CLANG_ENABLE_OBJC_WEAK = YES;
				CLANG_WARN_BLOCK_CAPTURE_AUTORELEASING = YES;
				CLANG_WARN_BOOL_CONVERSION = YES;
				CLANG_WARN_COMMA = YES;
				CLANG_WARN_CONSTANT_CONVERSION = YES;
				CLANG_WARN_DEPRECATED_OBJC_IMPLEMENTATIONS = YES;
				CLANG_WARN_DIRECT_OBJC_ISA_USAGE = YES_ERROR;
				CLANG_WARN_DOCUMENTATION_COMMENTS = YES;
				CLANG_WARN_EMPTY_BODY = YES;
				CLANG_WARN_ENUM_CONVERSION = YES;
				CLANG_WARN_INFINITE_RECURSION = YES;
				CLANG_WARN_INT_CONVERSION = YES;
				CLANG_WARN_NON_LITERAL_NULL_CONVERSION = YES;
				CLANG_WARN_OBJC_IMPLICIT_RETAIN_SELF = YES;
				CLANG_WARN_OBJC_LITERAL_CONVERSION = YES;
				CLANG_WARN_OBJC_ROOT_CLASS = YES_ERROR;
				CLANG_WARN_RANGE_LOOP_ANALYSIS = YES;
				CLANG_WARN_STRICT_PROTOTYPES = YES;
				CLANG_WARN_SUSPICIOUS_MOVE = YES;
				CLANG_WARN_UNGUARDED_AVAILABILITY = YES_AGGRESSIVE;
				CLANG_WARN_UNREACHABLE_CODE = YES;
				CLANG_WARN__DUPLICATE_METHOD_MATCH = YES;
				CODE_SIGN_IDENTITY = "iPhone Developer";
				COPY_PHASE_STRIP = NO;
				DEBUG_INFORMATION_FORMAT = dwarf;
				ENABLE_STRICT_OBJC_MSGSEND = YES;
				ENABLE_TESTABILITY = YES;
				GCC_C_LANGUAGE_STANDARD = gnu11;
				GCC_DYNAMIC_NO_PIC = NO;
				GCC_NO_COMMON_BLOCKS = YES;
				GCC_OPTIMIZATION_LEVEL = 0;
				GCC_PREPROCESSOR_DEFINITIONS = (
					"DEBUG=1",
					"$(inherited)",
				);
				GCC_WARN_64_TO_32_BIT_CONVERSION = YES;
				GCC_WARN_ABOUT_RETURN_TYPE = YES_ERROR;
				GCC_WARN_UNDECLARED_SELECTOR = YES;
				GCC_WARN_UNINITIALIZED_AUTOS = YES_AGGRESSIVE;
				GCC_WARN_UNUSED_FUNCTION = YES;
				GCC_WARN_UNUSED_VARIABLE = YES;
				IPHONEOS_DEPLOYMENT_TARGET = 12.0;
				MTL_ENABLE_DEBUG_INFO = INCLUDE_SOURCE;
				MTL_FAST_MATH = YES;
				ONLY_ACTIVE_ARCH = YES;
				SDKROOT = iphoneos;
				SWIFT_ACTIVE_COMPILATION_CONDITIONS = DEBUG;
				SWIFT_OPTIMIZATION_LEVEL = "-Onone";
			};
			name = Debug;
		};
		943C5066215E730E002A3773 /* Release */ = {
			isa = XCBuildConfiguration;
			buildSettings = {
				ALWAYS_SEARCH_USER_PATHS = NO;
				CLANG_ANALYZER_NONNULL = YES;
				CLANG_ANALYZER_NUMBER_OBJECT_CONVERSION = YES_AGGRESSIVE;
				CLANG_CXX_LANGUAGE_STANDARD = "gnu++14";
				CLANG_CXX_LIBRARY = "libc++";
				CLANG_ENABLE_MODULES = YES;
				CLANG_ENABLE_OBJC_ARC = YES;
				CLANG_ENABLE_OBJC_WEAK = YES;
				CLANG_WARN_BLOCK_CAPTURE_AUTORELEASING = YES;
				CLANG_WARN_BOOL_CONVERSION = YES;
				CLANG_WARN_COMMA = YES;
				CLANG_WARN_CONSTANT_CONVERSION = YES;
				CLANG_WARN_DEPRECATED_OBJC_IMPLEMENTATIONS = YES;
				CLANG_WARN_DIRECT_OBJC_ISA_USAGE = YES_ERROR;
				CLANG_WARN_DOCUMENTATION_COMMENTS = YES;
				CLANG_WARN_EMPTY_BODY = YES;
				CLANG_WARN_ENUM_CONVERSION = YES;
				CLANG_WARN_INFINITE_RECURSION = YES;
				CLANG_WARN_INT_CONVERSION = YES;
				CLANG_WARN_NON_LITERAL_NULL_CONVERSION = YES;
				CLANG_WARN_OBJC_IMPLICIT_RETAIN_SELF = YES;
				CLANG_WARN_OBJC_LITERAL_CONVERSION = YES;
				CLANG_WARN_OBJC_ROOT_CLASS = YES_ERROR;
				CLANG_WARN_RANGE_LOOP_ANALYSIS = YES;
				CLANG_WARN_STRICT_PROTOTYPES = YES;
				CLANG_WARN_SUSPICIOUS_MOVE = YES;
				CLANG_WARN_UNGUARDED_AVAILABILITY = YES_AGGRESSIVE;
				CLANG_WARN_UNREACHABLE_CODE = YES;
				CLANG_WARN__DUPLICATE_METHOD_MATCH = YES;
				CODE_SIGN_IDENTITY = "iPhone Developer";
				COPY_PHASE_STRIP = NO;
				DEBUG_INFORMATION_FORMAT = "dwarf-with-dsym";
				ENABLE_NS_ASSERTIONS = NO;
				ENABLE_STRICT_OBJC_MSGSEND = YES;
				GCC_C_LANGUAGE_STANDARD = gnu11;
				GCC_NO_COMMON_BLOCKS = YES;
				GCC_WARN_64_TO_32_BIT_CONVERSION = YES;
				GCC_WARN_ABOUT_RETURN_TYPE = YES_ERROR;
				GCC_WARN_UNDECLARED_SELECTOR = YES;
				GCC_WARN_UNINITIALIZED_AUTOS = YES_AGGRESSIVE;
				GCC_WARN_UNUSED_FUNCTION = YES;
				GCC_WARN_UNUSED_VARIABLE = YES;
				IPHONEOS_DEPLOYMENT_TARGET = 12.0;
				MTL_ENABLE_DEBUG_INFO = NO;
				MTL_FAST_MATH = YES;
				SDKROOT = iphoneos;
				SWIFT_COMPILATION_MODE = wholemodule;
				SWIFT_OPTIMIZATION_LEVEL = "-O";
				VALIDATE_PRODUCT = YES;
			};
			name = Release;
		};
		943C5068215E730E002A3773 /* Debug */ = {
			isa = XCBuildConfiguration;
			buildSettings = {
				ASSETCATALOG_COMPILER_APPICON_NAME = AppIcon;
				CODE_SIGN_STYLE = Automatic;
				DEVELOPMENT_TEAM = ZCK647485N;
				INFOPLIST_FILE = "$(SRCROOT)/ARLegoDemo/Resources/Info.plist";
				LD_RUNPATH_SEARCH_PATHS = (
					"$(inherited)",
					"@executable_path/Frameworks",
				);
				PRODUCT_BUNDLE_IDENTIFIER = com.brajsa.miran.arlegodemo;
				PRODUCT_NAME = "$(TARGET_NAME)";
				SWIFT_VERSION = 4.2;
				TARGETED_DEVICE_FAMILY = "1,2";
			};
			name = Debug;
		};
		943C5069215E730E002A3773 /* Release */ = {
			isa = XCBuildConfiguration;
			buildSettings = {
				ASSETCATALOG_COMPILER_APPICON_NAME = AppIcon;
				CODE_SIGN_STYLE = Automatic;
				DEVELOPMENT_TEAM = ZCK647485N;
				INFOPLIST_FILE = "$(SRCROOT)/ARLegoDemo/Resources/Info.plist";
				LD_RUNPATH_SEARCH_PATHS = (
					"$(inherited)",
					"@executable_path/Frameworks",
				);
				PRODUCT_BUNDLE_IDENTIFIER = com.brajsa.miran.arlegodemo;
				PRODUCT_NAME = "$(TARGET_NAME)";
				SWIFT_VERSION = 4.2;
				TARGETED_DEVICE_FAMILY = "1,2";
			};
			name = Release;
		};
/* End XCBuildConfiguration section */

/* Begin XCConfigurationList section */
		943C504E215E730D002A3773 /* Build configuration list for PBXProject "ARLegoDemo" */ = {
			isa = XCConfigurationList;
			buildConfigurations = (
				943C5065215E730E002A3773 /* Debug */,
				943C5066215E730E002A3773 /* Release */,
			);
			defaultConfigurationIsVisible = 0;
			defaultConfigurationName = Release;
		};
		943C5067215E730E002A3773 /* Build configuration list for PBXNativeTarget "ARLegoDemo" */ = {
			isa = XCConfigurationList;
			buildConfigurations = (
				943C5068215E730E002A3773 /* Debug */,
				943C5069215E730E002A3773 /* Release */,
			);
			defaultConfigurationIsVisible = 0;
			defaultConfigurationName = Release;
		};
/* End XCConfigurationList section */
	};
	rootObject = 943C504B215E730D002A3773 /* Project object */;
}
